
Microsoft Visual Studio Solution File, Format Version 12.00
# Visual Studio Version 16
VisualStudioVersion = 16.0.33214.272
MinimumVisualStudioVersion = 10.0.40219.1
Project("{F184B08F-C81C-45F6-A57F-5ABD9991F28F}") = "repsun", "repsun\repsun.vbproj", "{23029B3A-A684-43AF-B09F-7EDED5F8A160}"
EndProject
Project("{54435603-DBB4-11D2-8724-00A0C9A8B90C}") = "SetupRepsun", "..\SetupRepsun\SetupRepsun\SetupRepsun.vdproj", "{E6DFCB9B-FAED-415C-834D-7BF0D67585E1}"
EndProject
Global
	GlobalSection(SolutionConfigurationPlatforms) = preSolution
		Debug|Any CPU = Debug|Any CPU
		Release|Any CPU = Release|Any CPU
	EndGlobalSection
	GlobalSection(ProjectConfigurationPlatforms) = postSolution
		{23029B3A-A684-43AF-B09F-7EDED5F8A160}.Debug|Any CPU.ActiveCfg = Debug|Any CPU
		{23029B3A-A684-43AF-B09F-7EDED5F8A160}.Debug|Any CPU.Build.0 = Debug|Any CPU
		{23029B3A-A684-43AF-B09F-7EDED5F8A160}.Release|Any CPU.ActiveCfg = Release|Any CPU
		{23029B3A-A684-43AF-B09F-7EDED5F8A160}.Release|Any CPU.Build.0 = Release|Any CPU
		{E6DFCB9B-FAED-415C-834D-7BF0D67585E1}.Debug|Any CPU.ActiveCfg = Debug
		{E6DFCB9B-FAED-415C-834D-7BF0D67585E1}.Release|Any CPU.ActiveCfg = Release
	EndGlobalSection
	GlobalSection(SolutionProperties) = preSolution
		HideSolutionNode = FALSE
	EndGlobalSection
	GlobalSection(ExtensibilityGlobals) = postSolution
		SolutionGuid = {1D7A7191-579F-439E-BE53-B784016CC630}
	EndGlobalSection
EndGlobal
